
Microsoft Visual Studio Solution File, Format Version 12.00
# Visual Studio Version 17
VisualStudioVersion = 17.10.36117.0
MinimumVisualStudioVersion = 10.0.40219.1
Project("{FAE04EC0-301F-11D3-BF4B-00C04F79EFBC}") = "projectpsd", "projectpsd\projectpsd.csproj", "{DC078595-BF8D-49FE-896E-50CA1BD8CD0C}"
EndProject
Global
	GlobalSection(SolutionConfigurationPlatforms) = preSolution
		Debug|Any CPU = Debug|Any CPU
		Release|Any CPU = Release|Any CPU
	EndGlobalSection
	GlobalSection(ProjectConfigurationPlatforms) = postSolution
		{DC078595-BF8D-49FE-896E-50CA1BD8CD0C}.Debug|Any CPU.ActiveCfg = Debug|Any CPU
		{DC078595-BF8D-49FE-896E-50CA1BD8CD0C}.Debug|Any CPU.Build.0 = Debug|Any CPU
		{DC078595-BF8D-49FE-896E-50CA1BD8CD0C}.Release|Any CPU.ActiveCfg = Release|Any CPU
		{DC078595-BF8D-49FE-896E-50CA1BD8CD0C}.Release|Any CPU.Build.0 = Release|Any CPU
	EndGlobalSection
	GlobalSection(SolutionProperties) = preSolution
		HideSolutionNode = FALSE
	EndGlobalSection
	GlobalSection(ExtensibilityGlobals) = postSolution
		SolutionGuid = {4CB3AFF9-63C8-4C95-A442-B63B2B54FB67}
	EndGlobalSection
EndGlobal
